
Microsoft Visual Studio Solution File, Format Version 12.00
Project("{FAE04EC0-301F-11D3-BF4B-00C04F79EFBC}") = "TwoSumIVInputIsBst", "TwoSumIVInputIsBst\TwoSumIVInputIsBst.csproj", "{578032DA-13FF-4EDB-BA83-7053EE9DF879}"
EndProject
Project("{FAE04EC0-301F-11D3-BF4B-00C04F79EFBC}") = "TwoSumIVInputIsBst.Tests", "TwoSumIVInputIsBst.Tests\TwoSumIVInputIsBst.Tests.csproj", "{4CD0898A-3E24-4A1A-AD68-C4EEF1E283E9}"
EndProject
Global
	GlobalSection(SolutionConfigurationPlatforms) = preSolution
		Debug|Any CPU = Debug|Any CPU
		Release|Any CPU = Release|Any CPU
	EndGlobalSection
	GlobalSection(ProjectConfigurationPlatforms) = postSolution
		{578032DA-13FF-4EDB-BA83-7053EE9DF879}.Debug|Any CPU.ActiveCfg = Debug|Any CPU
		{578032DA-13FF-4EDB-BA83-7053EE9DF879}.Debug|Any CPU.Build.0 = Debug|Any CPU
		{578032DA-13FF-4EDB-BA83-7053EE9DF879}.Release|Any CPU.ActiveCfg = Release|Any CPU
		{578032DA-13FF-4EDB-BA83-7053EE9DF879}.Release|Any CPU.Build.0 = Release|Any CPU
		{4CD0898A-3E24-4A1A-AD68-C4EEF1E283E9}.Debug|Any CPU.ActiveCfg = Debug|Any CPU
		{4CD0898A-3E24-4A1A-AD68-C4EEF1E283E9}.Debug|Any CPU.Build.0 = Debug|Any CPU
		{4CD0898A-3E24-4A1A-AD68-C4EEF1E283E9}.Release|Any CPU.ActiveCfg = Release|Any CPU
		{4CD0898A-3E24-4A1A-AD68-C4EEF1E283E9}.Release|Any CPU.Build.0 = Release|Any CPU
	EndGlobalSection
EndGlobal
