
Microsoft Visual Studio Solution File, Format Version 12.00
Project("{FAE04EC0-301F-11D3-BF4B-00C04F79EFBC}") = "HowManyNumbersAreSmallerThanCurrentNumber1365", "HowManyNumbersAreSmallerThanCurrentNumber1365\HowManyNumbersAreSmallerThanCurrentNumber1365.csproj", "{00F2F5F0-63B4-4650-8632-5559E733D4E7}"
EndProject
Project("{FAE04EC0-301F-11D3-BF4B-00C04F79EFBC}") = "HowManyNumbersAreSmallerThanCurrentNumber1365.Tests", "HowManyNumbersAreSmallerThanCurrentNumber1365.Tests\HowManyNumbersAreSmallerThanCurrentNumber1365.Tests.csproj", "{C6160C2F-9399-4AFE-82EC-22C5EF7520C2}"
EndProject
Global
	GlobalSection(SolutionConfigurationPlatforms) = preSolution
		Debug|Any CPU = Debug|Any CPU
		Release|Any CPU = Release|Any CPU
	EndGlobalSection
	GlobalSection(ProjectConfigurationPlatforms) = postSolution
		{00F2F5F0-63B4-4650-8632-5559E733D4E7}.Debug|Any CPU.ActiveCfg = Debug|Any CPU
		{00F2F5F0-63B4-4650-8632-5559E733D4E7}.Debug|Any CPU.Build.0 = Debug|Any CPU
		{00F2F5F0-63B4-4650-8632-5559E733D4E7}.Release|Any CPU.ActiveCfg = Release|Any CPU
		{00F2F5F0-63B4-4650-8632-5559E733D4E7}.Release|Any CPU.Build.0 = Release|Any CPU
		{C6160C2F-9399-4AFE-82EC-22C5EF7520C2}.Debug|Any CPU.ActiveCfg = Debug|Any CPU
		{C6160C2F-9399-4AFE-82EC-22C5EF7520C2}.Debug|Any CPU.Build.0 = Debug|Any CPU
		{C6160C2F-9399-4AFE-82EC-22C5EF7520C2}.Release|Any CPU.ActiveCfg = Release|Any CPU
		{C6160C2F-9399-4AFE-82EC-22C5EF7520C2}.Release|Any CPU.Build.0 = Release|Any CPU
	EndGlobalSection
EndGlobal
